
Microsoft Visual Studio Solution File, Format Version 12.00
# Visual Studio Version 16
VisualStudioVersion = 16.0.30114.105
MinimumVisualStudioVersion = 10.0.40219.1
Project("{FAE04EC0-301F-11D3-BF4B-00C04F79EFBC}") = "API", "API\API.csproj", "{DB9A78BA-6A5F-493E-B9CB-8C6443E5E767}"
EndProject
Project("{FAE04EC0-301F-11D3-BF4B-00C04F79EFBC}") = "Core", "Core\Core.csproj", "{6CF7DD61-959D-49A1-AC34-0DB105586DF7}"
EndProject
Project("{FAE04EC0-301F-11D3-BF4B-00C04F79EFBC}") = "Infrastructure", "Infrastructure\Infrastructure.csproj", "{316BA142-1685-4B4D-BCFA-CE7173788D85}"
EndProject
Global
	GlobalSection(SolutionConfigurationPlatforms) = preSolution
		Debug|Any CPU = Debug|Any CPU
		Release|Any CPU = Release|Any CPU
	EndGlobalSection
	GlobalSection(SolutionProperties) = preSolution
		HideSolutionNode = FALSE
	EndGlobalSection
	GlobalSection(ProjectConfigurationPlatforms) = postSolution
		{DB9A78BA-6A5F-493E-B9CB-8C6443E5E767}.Debug|Any CPU.ActiveCfg = Debug|Any CPU
		{DB9A78BA-6A5F-493E-B9CB-8C6443E5E767}.Debug|Any CPU.Build.0 = Debug|Any CPU
		{DB9A78BA-6A5F-493E-B9CB-8C6443E5E767}.Release|Any CPU.ActiveCfg = Release|Any CPU
		{DB9A78BA-6A5F-493E-B9CB-8C6443E5E767}.Release|Any CPU.Build.0 = Release|Any CPU
		{6CF7DD61-959D-49A1-AC34-0DB105586DF7}.Debug|Any CPU.ActiveCfg = Debug|Any CPU
		{6CF7DD61-959D-49A1-AC34-0DB105586DF7}.Debug|Any CPU.Build.0 = Debug|Any CPU
		{6CF7DD61-959D-49A1-AC34-0DB105586DF7}.Release|Any CPU.ActiveCfg = Release|Any CPU
		{6CF7DD61-959D-49A1-AC34-0DB105586DF7}.Release|Any CPU.Build.0 = Release|Any CPU
		{316BA142-1685-4B4D-BCFA-CE7173788D85}.Debug|Any CPU.ActiveCfg = Debug|Any CPU
		{316BA142-1685-4B4D-BCFA-CE7173788D85}.Debug|Any CPU.Build.0 = Debug|Any CPU
		{316BA142-1685-4B4D-BCFA-CE7173788D85}.Release|Any CPU.ActiveCfg = Release|Any CPU
		{316BA142-1685-4B4D-BCFA-CE7173788D85}.Release|Any CPU.Build.0 = Release|Any CPU
	EndGlobalSection
EndGlobal
